
Microsoft Visual Studio Solution File, Format Version 12.00
# Visual Studio 15
VisualStudioVersion = 15.0.28010.2036
MinimumVisualStudioVersion = 10.0.40219.1
Project("{FAE04EC0-301F-11D3-BF4B-00C04F79EFBC}") = "WebApiTest", "WebApiTest\WebApiTest.csproj", "{FE68F65E-F7CF-4CED-87C5-68571628AC9B}"
EndProject
Global
	GlobalSection(SolutionConfigurationPlatforms) = preSolution
		Debug|Any CPU = Debug|Any CPU
		Release|Any CPU = Release|Any CPU
	EndGlobalSection
	GlobalSection(ProjectConfigurationPlatforms) = postSolution
		{FE68F65E-F7CF-4CED-87C5-68571628AC9B}.Debug|Any CPU.ActiveCfg = Debug|Any CPU
		{FE68F65E-F7CF-4CED-87C5-68571628AC9B}.Debug|Any CPU.Build.0 = Debug|Any CPU
		{FE68F65E-F7CF-4CED-87C5-68571628AC9B}.Release|Any CPU.ActiveCfg = Release|Any CPU
		{FE68F65E-F7CF-4CED-87C5-68571628AC9B}.Release|Any CPU.Build.0 = Release|Any CPU
	EndGlobalSection
	GlobalSection(SolutionProperties) = preSolution
		HideSolutionNode = FALSE
	EndGlobalSection
	GlobalSection(ExtensibilityGlobals) = postSolution
		SolutionGuid = {4F8CDED5-757B-427E-8105-750296A4971C}
	EndGlobalSection
EndGlobal
